# This file is automatically @generated by Cargo.
# It is not intended for manual editing.
version = 4

[[package]]
name = "cfg-if"
version = "1.0.0"
source = "registry+https://github.com/rust-lang/crates.io-index"
checksum = "baf1de4339761588bc0619e3cbc0120ee582ebb74b53b4efbf79117bd2da40fd"

[[package]]
name = "client"
version = "0.1.0"
dependencies = [
 "hostname",
]

[[package]]
name = "hostname"
version = "0.4.1"
source = "registry+https://github.com/rust-lang/crates.io-index"
checksum = "a56f203cd1c76362b69e3863fd987520ac36cf70a8c92627449b2f64a8cf7d65"
dependencies = [
 "cfg-if",
 "libc",
 "windows-link",
]

[[package]]
name = "libc"
version = "0.2.172"
source = "registry+https://github.com/rust-lang/crates.io-index"
checksum = "d750af042f7ef4f724306de029d18836c26c1765a54a6a3f094cbd23a7267ffa"

[[package]]
name = "server"
version = "0.1.0"

[[package]]
name = "windows-link"
version = "0.1.1"
source = "registry+https://github.com/rust-lang/crates.io-index"
checksum = "76840935b766e1b0a05c0066835fb9ec80071d4c09a16f6bd5f7e655e3c14c38"
